// !$*UTF8*$!
{
	archiveVersion = 1;
	classes = {
	};
	objectVersion = 51;
	objects = {

/* Begin PBXBuildFile section */
		11449E91253FD88800A4D9F2 /* Student.m in Sources */ = {isa = PBXBuildFile; fileRef = 11449E90253FD88800A4D9F2 /* Student.m */; };
		116E28E6253FD54A00E2ECF5 /* StudentCell.m in Sources */ = {isa = PBXBuildFile; fileRef = 116E28E4253FD54A00E2ECF5 /* StudentCell.m */; };
		116E28E7253FD54A00E2ECF5 /* StudentCell.xib in Resources */ = {isa = PBXBuildFile; fileRef = 116E28E5253FD54A00E2ECF5 /* StudentCell.xib */; };
		1171BEAC253D8FF00023C43C /* User.m in Sources */ = {isa = PBXBuildFile; fileRef = 1171BEAB253D8FF00023C43C /* User.m */; };
		11720826253936A2005526F4 /* MainScreen.storyboard in Resources */ = {isa = PBXBuildFile; fileRef = 11720825253936A2005526F4 /* MainScreen.storyboard */; };
		1172082B25394330005526F4 /* AddClassViewController.m in Sources */ = {isa = PBXBuildFile; fileRef = 1172082925394330005526F4 /* AddClassViewController.m */; };
		1172082C25394330005526F4 /* AddClassViewController.xib in Resources */ = {isa = PBXBuildFile; fileRef = 1172082A25394330005526F4 /* AddClassViewController.xib */; };
		1172082E25394AB2005526F4 /* GoogleService-Info.plist in Resources */ = {isa = PBXBuildFile; fileRef = 1172082D25394AB2005526F4 /* GoogleService-Info.plist */; };
		1175EDC62536A569001B8A79 /* AppDelegate.m in Sources */ = {isa = PBXBuildFile; fileRef = 1175EDC52536A569001B8A79 /* AppDelegate.m */; };
		1175EDC92536A569001B8A79 /* SceneDelegate.m in Sources */ = {isa = PBXBuildFile; fileRef = 1175EDC82536A569001B8A79 /* SceneDelegate.m */; };
		1175EDCC2536A569001B8A79 /* LoginViewController.m in Sources */ = {isa = PBXBuildFile; fileRef = 1175EDCB2536A569001B8A79 /* LoginViewController.m */; };
		1175EDD12536A56B001B8A79 /* Assets.xcassets in Resources */ = {isa = PBXBuildFile; fileRef = 1175EDD02536A56B001B8A79 /* Assets.xcassets */; };
		1175EDD42536A56B001B8A79 /* LaunchScreen.storyboard in Resources */ = {isa = PBXBuildFile; fileRef = 1175EDD22536A56B001B8A79 /* LaunchScreen.storyboard */; };
		1175EDD72536A56B001B8A79 /* main.m in Sources */ = {isa = PBXBuildFile; fileRef = 1175EDD62536A56B001B8A79 /* main.m */; };
		1175EDE42536ACF1001B8A79 /* Login.storyboard in Resources */ = {isa = PBXBuildFile; fileRef = 1175EDE32536ACF1001B8A79 /* Login.storyboard */; };
		1175EDEF2536F808001B8A79 /* ForgotPasswordViewController.m in Sources */ = {isa = PBXBuildFile; fileRef = 1175EDED2536F808001B8A79 /* ForgotPasswordViewController.m */; };
		1175EDF02536F808001B8A79 /* ForgotPasswordViewController.xib in Resources */ = {isa = PBXBuildFile; fileRef = 1175EDEE2536F808001B8A79 /* ForgotPasswordViewController.xib */; };
		1175EDF62536FB0A001B8A79 /* SignUpViewController.m in Sources */ = {isa = PBXBuildFile; fileRef = 1175EDF42536FB0A001B8A79 /* SignUpViewController.m */; };
		1175EDF72536FB0A001B8A79 /* SignUpViewController.xib in Resources */ = {isa = PBXBuildFile; fileRef = 1175EDF52536FB0A001B8A79 /* SignUpViewController.xib */; };
		1175EDFE25370D0A001B8A79 /* AddStudentViewController.m in Sources */ = {isa = PBXBuildFile; fileRef = 1175EDFC25370D0A001B8A79 /* AddStudentViewController.m */; };
		1175EDFF25370D0A001B8A79 /* AddStudentViewController.xib in Resources */ = {isa = PBXBuildFile; fileRef = 1175EDFD25370D0A001B8A79 /* AddStudentViewController.xib */; };
		1175EE0425371599001B8A79 /* MainScreenViewController.m in Sources */ = {isa = PBXBuildFile; fileRef = 1175EE0225371599001B8A79 /* MainScreenViewController.m */; };
		1179DE85253976F800E3A5D4 /* FirebaseService.m in Sources */ = {isa = PBXBuildFile; fileRef = 1179DE84253976F800E3A5D4 /* FirebaseService.m */; };
		F06CC56797639DFFEBC238E1 /* Pods_Student_management.framework in Frameworks */ = {isa = PBXBuildFile; fileRef = D59E536D5BFDC7123527CE70 /* Pods_Student_management.framework */; };
/* End PBXBuildFile section */

/* Begin PBXFileReference section */
		0E4DEFA59CCEC9ED8CB47EFC /* Pods-Student-management.release.xcconfig */ = {isa = PBXFileReference; includeInIndex = 1; lastKnownFileType = text.xcconfig; name = "Pods-Student-management.release.xcconfig"; path = "Target Support Files/Pods-Student-management/Pods-Student-management.release.xcconfig"; sourceTree = "<group>"; };
		11449E8F253FD87C00A4D9F2 /* Student.h */ = {isa = PBXFileReference; lastKnownFileType = sourcecode.c.h; path = Student.h; sourceTree = "<group>"; };
		11449E90253FD88800A4D9F2 /* Student.m */ = {isa = PBXFileReference; lastKnownFileType = sourcecode.c.objc; path = Student.m; sourceTree = "<group>"; };
		116E28E3253FD54A00E2ECF5 /* StudentCell.h */ = {isa = PBXFileReference; lastKnownFileType = sourcecode.c.h; path = StudentCell.h; sourceTree = "<group>"; };
		116E28E4253FD54A00E2ECF5 /* StudentCell.m */ = {isa = PBXFileReference; lastKnownFileType = sourcecode.c.objc; path = StudentCell.m; sourceTree = "<group>"; };
		116E28E5253FD54A00E2ECF5 /* StudentCell.xib */ = {isa = PBXFileReference; lastKnownFileType = file.xib; path = StudentCell.xib; sourceTree = "<group>"; };
		1171BEAB253D8FF00023C43C /* User.m */ = {isa = PBXFileReference; lastKnownFileType = sourcecode.c.objc; path = User.m; sourceTree = "<group>"; };
		1171BEAD253D90DD0023C43C /* User.h */ = {isa = PBXFileReference; lastKnownFileType = sourcecode.c.h; path = User.h; sourceTree = "<group>"; };
		11720825253936A2005526F4 /* MainScreen.storyboard */ = {isa = PBXFileReference; lastKnownFileType = file.storyboard; path = MainScreen.storyboard; sourceTree = "<group>"; };
		1172082825394330005526F4 /* AddClassViewController.h */ = {isa = PBXFileReference; lastKnownFileType = sourcecode.c.h; path = AddClassViewController.h; sourceTree = "<group>"; };
		1172082925394330005526F4 /* AddClassViewController.m */ = {isa = PBXFileReference; lastKnownFileType = sourcecode.c.objc; path = AddClassViewController.m; sourceTree = "<group>"; };
		1172082A25394330005526F4 /* AddClassViewController.xib */ = {isa = PBXFileReference; lastKnownFileType = file.xib; path = AddClassViewController.xib; sourceTree = "<group>"; };
		1172082D25394AB2005526F4 /* GoogleService-Info.plist */ = {isa = PBXFileReference; fileEncoding = 4; lastKnownFileType = text.plist.xml; path = "GoogleService-Info.plist"; sourceTree = "<group>"; };
		1175EDC12536A569001B8A79 /* Student-management.app */ = {isa = PBXFileReference; explicitFileType = wrapper.application; includeInIndex = 0; path = "Student-management.app"; sourceTree = BUILT_PRODUCTS_DIR; };
		1175EDC42536A569001B8A79 /* AppDelegate.h */ = {isa = PBXFileReference; lastKnownFileType = sourcecode.c.h; path = AppDelegate.h; sourceTree = "<group>"; };
		1175EDC52536A569001B8A79 /* AppDelegate.m */ = {isa = PBXFileReference; lastKnownFileType = sourcecode.c.objc; path = AppDelegate.m; sourceTree = "<group>"; };
		1175EDC72536A569001B8A79 /* SceneDelegate.h */ = {isa = PBXFileReference; lastKnownFileType = sourcecode.c.h; path = SceneDelegate.h; sourceTree = "<group>"; };
		1175EDC82536A569001B8A79 /* SceneDelegate.m */ = {isa = PBXFileReference; lastKnownFileType = sourcecode.c.objc; path = SceneDelegate.m; sourceTree = "<group>"; };
		1175EDCA2536A569001B8A79 /* LoginViewController.h */ = {isa = PBXFileReference; lastKnownFileType = sourcecode.c.h; path = LoginViewController.h; sourceTree = "<group>"; };
		1175EDCB2536A569001B8A79 /* LoginViewController.m */ = {isa = PBXFileReference; lastKnownFileType = sourcecode.c.objc; path = LoginViewController.m; sourceTree = "<group>"; };
		1175EDD02536A56B001B8A79 /* Assets.xcassets */ = {isa = PBXFileReference; lastKnownFileType = folder.assetcatalog; path = Assets.xcassets; sourceTree = "<group>"; };
		1175EDD32536A56B001B8A79 /* Base */ = {isa = PBXFileReference; lastKnownFileType = file.storyboard; name = Base; path = Base.lproj/LaunchScreen.storyboard; sourceTree = "<group>"; };
		1175EDD52536A56B001B8A79 /* Info.plist */ = {isa = PBXFileReference; lastKnownFileType = text.plist.xml; path = Info.plist; sourceTree = "<group>"; };
		1175EDD62536A56B001B8A79 /* main.m */ = {isa = PBXFileReference; lastKnownFileType = sourcecode.c.objc; path = main.m; sourceTree = "<group>"; };
		1175EDE32536ACF1001B8A79 /* Login.storyboard */ = {isa = PBXFileReference; fileEncoding = 4; lastKnownFileType = file.storyboard; path = Login.storyboard; sourceTree = "<group>"; };
		1175EDEC2536F808001B8A79 /* ForgotPasswordViewController.h */ = {isa = PBXFileReference; lastKnownFileType = sourcecode.c.h; path = ForgotPasswordViewController.h; sourceTree = "<group>"; };
		1175EDED2536F808001B8A79 /* ForgotPasswordViewController.m */ = {isa = PBXFileReference; lastKnownFileType = sourcecode.c.objc; path = ForgotPasswordViewController.m; sourceTree = "<group>"; };
		1175EDEE2536F808001B8A79 /* ForgotPasswordViewController.xib */ = {isa = PBXFileReference; lastKnownFileType = file.xib; path = ForgotPasswordViewController.xib; sourceTree = "<group>"; };
		1175EDF32536FB0A001B8A79 /* SignUpViewController.h */ = {isa = PBXFileReference; lastKnownFileType = sourcecode.c.h; path = SignUpViewController.h; sourceTree = "<group>"; };
		1175EDF42536FB0A001B8A79 /* SignUpViewController.m */ = {isa = PBXFileReference; lastKnownFileType = sourcecode.c.objc; path = SignUpViewController.m; sourceTree = "<group>"; };
		1175EDF52536FB0A001B8A79 /* SignUpViewController.xib */ = {isa = PBXFileReference; lastKnownFileType = file.xib; path = SignUpViewController.xib; sourceTree = "<group>"; };
		1175EDFB25370D0A001B8A79 /* AddStudentViewController.h */ = {isa = PBXFileReference; lastKnownFileType = sourcecode.c.h; path = AddStudentViewController.h; sourceTree = "<group>"; };
		1175EDFC25370D0A001B8A79 /* AddStudentViewController.m */ = {isa = PBXFileReference; lastKnownFileType = sourcecode.c.objc; path = AddStudentViewController.m; sourceTree = "<group>"; };
		1175EDFD25370D0A001B8A79 /* AddStudentViewController.xib */ = {isa = PBXFileReference; lastKnownFileType = file.xib; path = AddStudentViewController.xib; sourceTree = "<group>"; };
		1175EE0125371599001B8A79 /* MainScreenViewController.h */ = {isa = PBXFileReference; lastKnownFileType = sourcecode.c.h; path = MainScreenViewController.h; sourceTree = "<group>"; };
		1175EE0225371599001B8A79 /* MainScreenViewController.m */ = {isa = PBXFileReference; lastKnownFileType = sourcecode.c.objc; path = MainScreenViewController.m; sourceTree = "<group>"; };
		1179DE84253976F800E3A5D4 /* FirebaseService.m */ = {isa = PBXFileReference; lastKnownFileType = sourcecode.c.objc; path = FirebaseService.m; sourceTree = "<group>"; };
		1179DE862539773100E3A5D4 /* FirebaseService.h */ = {isa = PBXFileReference; lastKnownFileType = sourcecode.c.h; path = FirebaseService.h; sourceTree = "<group>"; };
		581EB10D3D30992AF5AC7B82 /* Pods-Student-management.debug.xcconfig */ = {isa = PBXFileReference; includeInIndex = 1; lastKnownFileType = text.xcconfig; name = "Pods-Student-management.debug.xcconfig"; path = "Target Support Files/Pods-Student-management/Pods-Student-management.debug.xcconfig"; sourceTree = "<group>"; };
		D59E536D5BFDC7123527CE70 /* Pods_Student_management.framework */ = {isa = PBXFileReference; explicitFileType = wrapper.framework; includeInIndex = 0; path = Pods_Student_management.framework; sourceTree = BUILT_PRODUCTS_DIR; };
/* End PBXFileReference section */

/* Begin PBXFrameworksBuildPhase section */
		1175EDBE2536A569001B8A79 /* Frameworks */ = {
			isa = PBXFrameworksBuildPhase;
			buildActionMask = 2147483647;
			files = (
				F06CC56797639DFFEBC238E1 /* Pods_Student_management.framework in Frameworks */,
			);
			runOnlyForDeploymentPostprocessing = 0;
		};
/* End PBXFrameworksBuildPhase section */

/* Begin PBXGroup section */
		00A8D20B65739CAE52A429E6 /* Pods */ = {
			isa = PBXGroup;
			children = (
				581EB10D3D30992AF5AC7B82 /* Pods-Student-management.debug.xcconfig */,
				0E4DEFA59CCEC9ED8CB47EFC /* Pods-Student-management.release.xcconfig */,
			);
			path = Pods;
			sourceTree = "<group>";
		};
		11449E8D253FD86400A4D9F2 /* Student */ = {
			isa = PBXGroup;
			children = (
				11449E8F253FD87C00A4D9F2 /* Student.h */,
				11449E90253FD88800A4D9F2 /* Student.m */,
			);
			path = Student;
			sourceTree = "<group>";
		};
		11449E8E253FD86A00A4D9F2 /* User */ = {
			isa = PBXGroup;
			children = (
				1171BEAD253D90DD0023C43C /* User.h */,
				1171BEAB253D8FF00023C43C /* User.m */,
			);
			path = User;
			sourceTree = "<group>";
		};
		116E28E8253FD55100E2ECF5 /* StudentCell */ = {
			isa = PBXGroup;
			children = (
				116E28E3253FD54A00E2ECF5 /* StudentCell.h */,
				116E28E4253FD54A00E2ECF5 /* StudentCell.m */,
				116E28E5253FD54A00E2ECF5 /* StudentCell.xib */,
			);
			path = StudentCell;
			sourceTree = "<group>";
		};
		1171BEAA253D8FD30023C43C /* Model */ = {
			isa = PBXGroup;
			children = (
				11449E8E253FD86A00A4D9F2 /* User */,
				11449E8D253FD86400A4D9F2 /* Student */,
			);
			path = Model;
			sourceTree = "<group>";
		};
		1172082425392E1D005526F4 /* Feature */ = {
			isa = PBXGroup;
			children = (
				11720827253942F9005526F4 /* AddClass */,
				1175EDF925370843001B8A79 /* Login */,
				1175EE0025371577001B8A79 /* MainScreen */,
				1175EDFA25370CF8001B8A79 /* AddStudent */,
				1175EDF22536FAF9001B8A79 /* SignUp */,
				1175EDF12536F811001B8A79 /* ForgorPassword */,
			);
			path = Feature;
			sourceTree = "<group>";
		};
		11720827253942F9005526F4 /* AddClass */ = {
			isa = PBXGroup;
			children = (
				1172082825394330005526F4 /* AddClassViewController.h */,
				1172082925394330005526F4 /* AddClassViewController.m */,
				1172082A25394330005526F4 /* AddClassViewController.xib */,
			);
			path = AddClass;
			sourceTree = "<group>";
		};
		1175EDB82536A569001B8A79 = {
			isa = PBXGroup;
			children = (
				1175EDC32536A569001B8A79 /* Student-management */,
				1175EDC22536A569001B8A79 /* Products */,
				00A8D20B65739CAE52A429E6 /* Pods */,
				B7211AB1C6713E7B9D768711 /* Frameworks */,
			);
			sourceTree = "<group>";
		};
		1175EDC22536A569001B8A79 /* Products */ = {
			isa = PBXGroup;
			children = (
				1175EDC12536A569001B8A79 /* Student-management.app */,
			);
			name = Products;
			sourceTree = "<group>";
		};
		1175EDC32536A569001B8A79 /* Student-management */ = {
			isa = PBXGroup;
			children = (
				1171BEAA253D8FD30023C43C /* Model */,
				1179DE822539769C00E3A5D4 /* Service */,
				1172082425392E1D005526F4 /* Feature */,
				1175EDE52536E3BB001B8A79 /* Storyboard */,
				1175EDE82536F29F001B8A79 /* SupportFile */,
			);
			path = "Student-management";
			sourceTree = "<group>";
		};
		1175EDE52536E3BB001B8A79 /* Storyboard */ = {
			isa = PBXGroup;
			children = (
				1175EDD22536A56B001B8A79 /* LaunchScreen.storyboard */,
			);
			path = Storyboard;
			sourceTree = "<group>";
		};
		1175EDE82536F29F001B8A79 /* SupportFile */ = {
			isa = PBXGroup;
			children = (
				1172082D25394AB2005526F4 /* GoogleService-Info.plist */,
				1175EDD52536A56B001B8A79 /* Info.plist */,
				1175EDC42536A569001B8A79 /* AppDelegate.h */,
				1175EDC52536A569001B8A79 /* AppDelegate.m */,
				1175EDC72536A569001B8A79 /* SceneDelegate.h */,
				1175EDC82536A569001B8A79 /* SceneDelegate.m */,
				1175EDD02536A56B001B8A79 /* Assets.xcassets */,
				1175EDD62536A56B001B8A79 /* main.m */,
			);
			path = SupportFile;
			sourceTree = "<group>";
		};
		1175EDF12536F811001B8A79 /* ForgorPassword */ = {
			isa = PBXGroup;
			children = (
				1175EDEC2536F808001B8A79 /* ForgotPasswordViewController.h */,
				1175EDED2536F808001B8A79 /* ForgotPasswordViewController.m */,
				1175EDEE2536F808001B8A79 /* ForgotPasswordViewController.xib */,
			);
			path = ForgorPassword;
			sourceTree = "<group>";
		};
		1175EDF22536FAF9001B8A79 /* SignUp */ = {
			isa = PBXGroup;
			children = (
				1175EDF52536FB0A001B8A79 /* SignUpViewController.xib */,
				1175EDF32536FB0A001B8A79 /* SignUpViewController.h */,
				1175EDF42536FB0A001B8A79 /* SignUpViewController.m */,
			);
			path = SignUp;
			sourceTree = "<group>";
		};
		1175EDF925370843001B8A79 /* Login */ = {
			isa = PBXGroup;
			children = (
				1175EDE32536ACF1001B8A79 /* Login.storyboard */,
				1175EDCA2536A569001B8A79 /* LoginViewController.h */,
				1175EDCB2536A569001B8A79 /* LoginViewController.m */,
			);
			path = Login;
			sourceTree = "<group>";
		};
		1175EDFA25370CF8001B8A79 /* AddStudent */ = {
			isa = PBXGroup;
			children = (
				1175EDFD25370D0A001B8A79 /* AddStudentViewController.xib */,
				1175EDFB25370D0A001B8A79 /* AddStudentViewController.h */,
				1175EDFC25370D0A001B8A79 /* AddStudentViewController.m */,
			);
			path = AddStudent;
			sourceTree = "<group>";
		};
		1175EE0025371577001B8A79 /* MainScreen */ = {
			isa = PBXGroup;
			children = (
				11720825253936A2005526F4 /* MainScreen.storyboard */,
				1175EE0125371599001B8A79 /* MainScreenViewController.h */,
				1175EE0225371599001B8A79 /* MainScreenViewController.m */,
				116E28E8253FD55100E2ECF5 /* StudentCell */,
			);
			path = MainScreen;
			sourceTree = "<group>";
		};
		1179DE822539769C00E3A5D4 /* Service */ = {
			isa = PBXGroup;
			children = (
				1179DE83253976AB00E3A5D4 /* Firebase */,
			);
			path = Service;
			sourceTree = "<group>";
		};
		1179DE83253976AB00E3A5D4 /* Firebase */ = {
			isa = PBXGroup;
			children = (
				1179DE862539773100E3A5D4 /* FirebaseService.h */,
				1179DE84253976F800E3A5D4 /* FirebaseService.m */,
			);
			path = Firebase;
			sourceTree = "<group>";
		};
		B7211AB1C6713E7B9D768711 /* Frameworks */ = {
			isa = PBXGroup;
			children = (
				D59E536D5BFDC7123527CE70 /* Pods_Student_management.framework */,
			);
			name = Frameworks;
			sourceTree = "<group>";
		};
/* End PBXGroup section */

/* Begin PBXNativeTarget section */
		1175EDC02536A569001B8A79 /* Student-management */ = {
			isa = PBXNativeTarget;
			buildConfigurationList = 1175EDDA2536A56B001B8A79 /* Build configuration list for PBXNativeTarget "Student-management" */;
			buildPhases = (
				5E6984850A835AC3F3C7C742 /* [CP] Check Pods Manifest.lock */,
				1175EDBD2536A569001B8A79 /* Sources */,
				1175EDBE2536A569001B8A79 /* Frameworks */,
				1175EDBF2536A569001B8A79 /* Resources */,
				9842127C4319E5296BF5EDEE /* [CP] Embed Pods Frameworks */,
			);
			buildRules = (
			);
			dependencies = (
			);
			name = "Student-management";
			productName = "Student-management";
			productReference = 1175EDC12536A569001B8A79 /* Student-management.app */;
			productType = "com.apple.product-type.application";
		};
/* End PBXNativeTarget section */

/* Begin PBXProject section */
		1175EDB92536A569001B8A79 /* Project object */ = {
			isa = PBXProject;
			attributes = {
				LastUpgradeCheck = 1160;
				ORGANIZATIONNAME = "Dang Quoc Huy";
				TargetAttributes = {
					1175EDC02536A569001B8A79 = {
						CreatedOnToolsVersion = 11.6;
					};
				};
			};
			buildConfigurationList = 1175EDBC2536A569001B8A79 /* Build configuration list for PBXProject "Student-management" */;
			compatibilityVersion = "Xcode 9.3";
			developmentRegion = en;
			hasScannedForEncodings = 0;
			knownRegions = (
				en,
				Base,
			);
			mainGroup = 1175EDB82536A569001B8A79;
			productRefGroup = 1175EDC22536A569001B8A79 /* Products */;
			projectDirPath = "";
			projectRoot = "";
			targets = (
				1175EDC02536A569001B8A79 /* Student-management */,
			);
		};
/* End PBXProject section */

/* Begin PBXResourcesBuildPhase section */
		1175EDBF2536A569001B8A79 /* Resources */ = {
			isa = PBXResourcesBuildPhase;
			buildActionMask = 2147483647;
			files = (
				1175EDFF25370D0A001B8A79 /* AddStudentViewController.xib in Resources */,
				1172082C25394330005526F4 /* AddClassViewController.xib in Resources */,
				1172082E25394AB2005526F4 /* GoogleService-Info.plist in Resources */,
				1175EDE42536ACF1001B8A79 /* Login.storyboard in Resources */,
				1175EDF72536FB0A001B8A79 /* SignUpViewController.xib in Resources */,
				1175EDD42536A56B001B8A79 /* LaunchScreen.storyboard in Resources */,
				1175EDD12536A56B001B8A79 /* Assets.xcassets in Resources */,
				1175EDF02536F808001B8A79 /* ForgotPasswordViewController.xib in Resources */,
				11720826253936A2005526F4 /* MainScreen.storyboard in Resources */,
				116E28E7253FD54A00E2ECF5 /* StudentCell.xib in Resources */,
			);
			runOnlyForDeploymentPostprocessing = 0;
		};
/* End PBXResourcesBuildPhase section */

/* Begin PBXShellScriptBuildPhase section */
		5E6984850A835AC3F3C7C742 /* [CP] Check Pods Manifest.lock */ = {
			isa = PBXShellScriptBuildPhase;
			buildActionMask = 2147483647;
			files = (
			);
			inputFileListPaths = (
			);
			inputPaths = (
				"${PODS_PODFILE_DIR_PATH}/Podfile.lock",
				"${PODS_ROOT}/Manifest.lock",
			);
			name = "[CP] Check Pods Manifest.lock";
			outputFileListPaths = (
			);
			outputPaths = (
				"$(DERIVED_FILE_DIR)/Pods-Student-management-checkManifestLockResult.txt",
			);
			runOnlyForDeploymentPostprocessing = 0;
			shellPath = /bin/sh;
			shellScript = "diff \"${PODS_PODFILE_DIR_PATH}/Podfile.lock\" \"${PODS_ROOT}/Manifest.lock\" > /dev/null\nif [ $? != 0 ] ; then\n    # print error to STDERR\n    echo \"error: The sandbox is not in sync with the Podfile.lock. Run 'pod install' or update your CocoaPods installation.\" >&2\n    exit 1\nfi\n# This output is used by Xcode 'outputs' to avoid re-running this script phase.\necho \"SUCCESS\" > \"${SCRIPT_OUTPUT_FILE_0}\"\n";
			showEnvVarsInLog = 0;
		};
		9842127C4319E5296BF5EDEE /* [CP] Embed Pods Frameworks */ = {
			isa = PBXShellScriptBuildPhase;
			buildActionMask = 2147483647;
			files = (
			);
			inputFileListPaths = (
				"${PODS_ROOT}/Target Support Files/Pods-Student-management/Pods-Student-management-frameworks-${CONFIGURATION}-input-files.xcfilelist",
			);
			name = "[CP] Embed Pods Frameworks";
			outputFileListPaths = (
				"${PODS_ROOT}/Target Support Files/Pods-Student-management/Pods-Student-management-frameworks-${CONFIGURATION}-output-files.xcfilelist",
			);
			runOnlyForDeploymentPostprocessing = 0;
			shellPath = /bin/sh;
			shellScript = "\"${PODS_ROOT}/Target Support Files/Pods-Student-management/Pods-Student-management-frameworks.sh\"\n";
			showEnvVarsInLog = 0;
		};
/* End PBXShellScriptBuildPhase section */

/* Begin PBXSourcesBuildPhase section */
		1175EDBD2536A569001B8A79 /* Sources */ = {
			isa = PBXSourcesBuildPhase;
			buildActionMask = 2147483647;
			files = (
				1175EDEF2536F808001B8A79 /* ForgotPasswordViewController.m in Sources */,
				1172082B25394330005526F4 /* AddClassViewController.m in Sources */,
				11449E91253FD88800A4D9F2 /* Student.m in Sources */,
				1179DE85253976F800E3A5D4 /* FirebaseService.m in Sources */,
				1175EDCC2536A569001B8A79 /* LoginViewController.m in Sources */,
				1175EDC62536A569001B8A79 /* AppDelegate.m in Sources */,
				1175EE0425371599001B8A79 /* MainScreenViewController.m in Sources */,
				1171BEAC253D8FF00023C43C /* User.m in Sources */,
				116E28E6253FD54A00E2ECF5 /* StudentCell.m in Sources */,
				1175EDF62536FB0A001B8A79 /* SignUpViewController.m in Sources */,
				1175EDD72536A56B001B8A79 /* main.m in Sources */,
				1175EDFE25370D0A001B8A79 /* AddStudentViewController.m in Sources */,
				1175EDC92536A569001B8A79 /* SceneDelegate.m in Sources */,
			);
			runOnlyForDeploymentPostprocessing = 0;
		};
/* End PBXSourcesBuildPhase section */

/* Begin PBXVariantGroup section */
		1175EDD22536A56B001B8A79 /* LaunchScreen.storyboard */ = {
			isa = PBXVariantGroup;
			children = (
				1175EDD32536A56B001B8A79 /* Base */,
			);
			name = LaunchScreen.storyboard;
			sourceTree = "<group>";
		};
/* End PBXVariantGroup section */

/* Begin XCBuildConfiguration section */
		1175EDD82536A56B001B8A79 /* Debug */ = {
			isa = XCBuildConfiguration;
			buildSettings = {
				ALWAYS_SEARCH_USER_PATHS = NO;
				CLANG_ANALYZER_NONNULL = YES;
				CLANG_ANALYZER_NUMBER_OBJECT_CONVERSION = YES_AGGRESSIVE;
				CLANG_CXX_LANGUAGE_STANDARD = "gnu++14";
				CLANG_CXX_LIBRARY = "libc++";
				CLANG_ENABLE_MODULES = YES;
				CLANG_ENABLE_OBJC_ARC = YES;
				CLANG_ENABLE_OBJC_WEAK = YES;
				CLANG_WARN_BLOCK_CAPTURE_AUTORELEASING = YES;
				CLANG_WARN_BOOL_CONVERSION = YES;
				CLANG_WARN_COMMA = YES;
				CLANG_WARN_CONSTANT_CONVERSION = YES;
				CLANG_WARN_DEPRECATED_OBJC_IMPLEMENTATIONS = YES;
				CLANG_WARN_DIRECT_OBJC_ISA_USAGE = YES_ERROR;
				CLANG_WARN_DOCUMENTATION_COMMENTS = YES;
				CLANG_WARN_EMPTY_BODY = YES;
				CLANG_WARN_ENUM_CONVERSION = YES;
				CLANG_WARN_INFINITE_RECURSION = YES;
				CLANG_WARN_INT_CONVERSION = YES;
				CLANG_WARN_NON_LITERAL_NULL_CONVERSION = YES;
				CLANG_WARN_OBJC_IMPLICIT_RETAIN_SELF = YES;
				CLANG_WARN_OBJC_LITERAL_CONVERSION = YES;
				CLANG_WARN_OBJC_ROOT_CLASS = YES_ERROR;
				CLANG_WARN_RANGE_LOOP_ANALYSIS = YES;
				CLANG_WARN_STRICT_PROTOTYPES = YES;
				CLANG_WARN_SUSPICIOUS_MOVE = YES;
				CLANG_WARN_UNGUARDED_AVAILABILITY = YES_AGGRESSIVE;
				CLANG_WARN_UNREACHABLE_CODE = YES;
				CLANG_WARN__DUPLICATE_METHOD_MATCH = YES;
				COPY_PHASE_STRIP = NO;
				DEBUG_INFORMATION_FORMAT = dwarf;
				ENABLE_STRICT_OBJC_MSGSEND = YES;
				ENABLE_TESTABILITY = YES;
				GCC_C_LANGUAGE_STANDARD = gnu11;
				GCC_DYNAMIC_NO_PIC = NO;
				GCC_NO_COMMON_BLOCKS = YES;
				GCC_OPTIMIZATION_LEVEL = 0;
				GCC_PREPROCESSOR_DEFINITIONS = (
					"DEBUG=1",
					"$(inherited)",
				);
				GCC_WARN_64_TO_32_BIT_CONVERSION = YES;
				GCC_WARN_ABOUT_RETURN_TYPE = YES_ERROR;
				GCC_WARN_UNDECLARED_SELECTOR = YES;
				GCC_WARN_UNINITIALIZED_AUTOS = YES_AGGRESSIVE;
				GCC_WARN_UNUSED_FUNCTION = YES;
				GCC_WARN_UNUSED_VARIABLE = YES;
				IPHONEOS_DEPLOYMENT_TARGET = 13.5;
				MTL_ENABLE_DEBUG_INFO = INCLUDE_SOURCE;
				MTL_FAST_MATH = YES;
				ONLY_ACTIVE_ARCH = YES;
				SDKROOT = iphoneos;
			};
			name = Debug;
		};
		1175EDD92536A56B001B8A79 /* Release */ = {
			isa = XCBuildConfiguration;
			buildSettings = {
				ALWAYS_SEARCH_USER_PATHS = NO;
				CLANG_ANALYZER_NONNULL = YES;
				CLANG_ANALYZER_NUMBER_OBJECT_CONVERSION = YES_AGGRESSIVE;
				CLANG_CXX_LANGUAGE_STANDARD = "gnu++14";
				CLANG_CXX_LIBRARY = "libc++";
				CLANG_ENABLE_MODULES = YES;
				CLANG_ENABLE_OBJC_ARC = YES;
				CLANG_ENABLE_OBJC_WEAK = YES;
				CLANG_WARN_BLOCK_CAPTURE_AUTORELEASING = YES;
				CLANG_WARN_BOOL_CONVERSION = YES;
				CLANG_WARN_COMMA = YES;
				CLANG_WARN_CONSTANT_CONVERSION = YES;
				CLANG_WARN_DEPRECATED_OBJC_IMPLEMENTATIONS = YES;
				CLANG_WARN_DIRECT_OBJC_ISA_USAGE = YES_ERROR;
				CLANG_WARN_DOCUMENTATION_COMMENTS = YES;
				CLANG_WARN_EMPTY_BODY = YES;
				CLANG_WARN_ENUM_CONVERSION = YES;
				CLANG_WARN_INFINITE_RECURSION = YES;
				CLANG_WARN_INT_CONVERSION = YES;
				CLANG_WARN_NON_LITERAL_NULL_CONVERSION = YES;
				CLANG_WARN_OBJC_IMPLICIT_RETAIN_SELF = YES;
				CLANG_WARN_OBJC_LITERAL_CONVERSION = YES;
				CLANG_WARN_OBJC_ROOT_CLASS = YES_ERROR;
				CLANG_WARN_RANGE_LOOP_ANALYSIS = YES;
				CLANG_WARN_STRICT_PROTOTYPES = YES;
				CLANG_WARN_SUSPICIOUS_MOVE = YES;
				CLANG_WARN_UNGUARDED_AVAILABILITY = YES_AGGRESSIVE;
				CLANG_WARN_UNREACHABLE_CODE = YES;
				CLANG_WARN__DUPLICATE_METHOD_MATCH = YES;
				COPY_PHASE_STRIP = NO;
				DEBUG_INFORMATION_FORMAT = "dwarf-with-dsym";
				ENABLE_NS_ASSERTIONS = NO;
				ENABLE_STRICT_OBJC_MSGSEND = YES;
				GCC_C_LANGUAGE_STANDARD = gnu11;
				GCC_NO_COMMON_BLOCKS = YES;
				GCC_WARN_64_TO_32_BIT_CONVERSION = YES;
				GCC_WARN_ABOUT_RETURN_TYPE = YES_ERROR;
				GCC_WARN_UNDECLARED_SELECTOR = YES;
				GCC_WARN_UNINITIALIZED_AUTOS = YES_AGGRESSIVE;
				GCC_WARN_UNUSED_FUNCTION = YES;
				GCC_WARN_UNUSED_VARIABLE = YES;
				IPHONEOS_DEPLOYMENT_TARGET = 13.5;
				MTL_ENABLE_DEBUG_INFO = NO;
				MTL_FAST_MATH = YES;
				SDKROOT = iphoneos;
				VALIDATE_PRODUCT = YES;
			};
			name = Release;
		};
		1175EDDB2536A56B001B8A79 /* Debug */ = {
			isa = XCBuildConfiguration;
			baseConfigurationReference = 581EB10D3D30992AF5AC7B82 /* Pods-Student-management.debug.xcconfig */;
			buildSettings = {
				ASSETCATALOG_COMPILER_APPICON_NAME = AppIcon;
				CODE_SIGN_STYLE = Automatic;
				DEVELOPMENT_TEAM = MS5C4AL8D4;
				INFOPLIST_FILE = "Student-management/SupportFile/Info.plist";
				LD_RUNPATH_SEARCH_PATHS = (
					"$(inherited)",
					"@executable_path/Frameworks",
				);
				PRODUCT_BUNDLE_IDENTIFIER = "com.dawuhy.Student-management";
				PRODUCT_NAME = "$(TARGET_NAME)";
				TARGETED_DEVICE_FAMILY = "1,2";
			};
			name = Debug;
		};
		1175EDDC2536A56B001B8A79 /* Release */ = {
			isa = XCBuildConfiguration;
			baseConfigurationReference = 0E4DEFA59CCEC9ED8CB47EFC /* Pods-Student-management.release.xcconfig */;
			buildSettings = {
				ASSETCATALOG_COMPILER_APPICON_NAME = AppIcon;
				CODE_SIGN_STYLE = Automatic;
				DEVELOPMENT_TEAM = MS5C4AL8D4;
				INFOPLIST_FILE = "Student-management/SupportFile/Info.plist";
				LD_RUNPATH_SEARCH_PATHS = (
					"$(inherited)",
					"@executable_path/Frameworks",
				);
				PRODUCT_BUNDLE_IDENTIFIER = "com.dawuhy.Student-management";
				PRODUCT_NAME = "$(TARGET_NAME)";
				TARGETED_DEVICE_FAMILY = "1,2";
			};
			name = Release;
		};
/* End XCBuildConfiguration section */

/* Begin XCConfigurationList section */
		1175EDBC2536A569001B8A79 /* Build configuration list for PBXProject "Student-management" */ = {
			isa = XCConfigurationList;
			buildConfigurations = (
				1175EDD82536A56B001B8A79 /* Debug */,
				1175EDD92536A56B001B8A79 /* Release */,
			);
			defaultConfigurationIsVisible = 0;
			defaultConfigurationName = Release;
		};
		1175EDDA2536A56B001B8A79 /* Build configuration list for PBXNativeTarget "Student-management" */ = {
			isa = XCConfigurationList;
			buildConfigurations = (
				1175EDDB2536A56B001B8A79 /* Debug */,
				1175EDDC2536A56B001B8A79 /* Release */,
			);
			defaultConfigurationIsVisible = 0;
			defaultConfigurationName = Release;
		};
/* End XCConfigurationList section */
	};
	rootObject = 1175EDB92536A569001B8A79 /* Project object */;
}
